// !$*UTF8*$!
{
	archiveVersion = 1;
	classes = {
	};
	objectVersion = 54;
	objects = {

/* Begin PBXBuildFile section */
		DE6A49D629D3CD2300CFE20D /* SwiftUI_BannerViewApp.swift in Sources */ = {isa = PBXBuildFile; fileRef = DE6A49D529D3CD2300CFE20D /* SwiftUI_BannerViewApp.swift */; };
		DE6A49D829D3CD2300CFE20D /* ContentView.swift in Sources */ = {isa = PBXBuildFile; fileRef = DE6A49D729D3CD2300CFE20D /* ContentView.swift */; };
		DE6A49DA29D3CD2400CFE20D /* Assets.xcassets in Resources */ = {isa = PBXBuildFile; fileRef = DE6A49D929D3CD2400CFE20D /* Assets.xcassets */; };
		DE6A49DD29D3CD2400CFE20D /* Preview Assets.xcassets in Resources */ = {isa = PBXBuildFile; fileRef = DE6A49DC29D3CD2400CFE20D /* Preview Assets.xcassets */; };
		DE6A49E529D3CD3200CFE20D /* BannerView.swift in Sources */ = {isa = PBXBuildFile; fileRef = DE6A49E429D3CD3200CFE20D /* BannerView.swift */; };
		DE6A49E729D3CF0600CFE20D /* BannerImageData.swift in Sources */ = {isa = PBXBuildFile; fileRef = DE6A49E629D3CF0600CFE20D /* BannerImageData.swift */; };
		DE6A49E929D3CF7600CFE20D /* ContentViewModel.swift in Sources */ = {isa = PBXBuildFile; fileRef = DE6A49E829D3CF7600CFE20D /* ContentViewModel.swift */; };
		DE6A49EB29D3CFDB00CFE20D /* BannerCellView.swift in Sources */ = {isa = PBXBuildFile; fileRef = DE6A49EA29D3CFDB00CFE20D /* BannerCellView.swift */; };
		DE6A49ED29D41C5F00CFE20D /* ImageLib.swift in Sources */ = {isa = PBXBuildFile; fileRef = DE6A49EC29D41C5F00CFE20D /* ImageLib.swift */; };
		DE6A49F029D41C9500CFE20D /* IPManager.swift in Sources */ = {isa = PBXBuildFile; fileRef = DE6A49EF29D41C9500CFE20D /* IPManager.swift */; };
		DE6A49F529D42ADE00CFE20D /* CacheAsyncImage.swift in Sources */ = {isa = PBXBuildFile; fileRef = DE6A49F429D42ADE00CFE20D /* CacheAsyncImage.swift */; };
		F016C24CB7252C14796AB84A /* Pods_SwiftUI_BannerView.framework in Frameworks */ = {isa = PBXBuildFile; fileRef = 6431B3D0060AB7E6267F720D /* Pods_SwiftUI_BannerView.framework */; };
/* End PBXBuildFile section */

/* Begin PBXFileReference section */
		6431B3D0060AB7E6267F720D /* Pods_SwiftUI_BannerView.framework */ = {isa = PBXFileReference; explicitFileType = wrapper.framework; includeInIndex = 0; path = Pods_SwiftUI_BannerView.framework; sourceTree = BUILT_PRODUCTS_DIR; };
		71920BED663E7D3911BE0CB2 /* Pods-SwiftUI_BannerView.debug.xcconfig */ = {isa = PBXFileReference; includeInIndex = 1; lastKnownFileType = text.xcconfig; name = "Pods-SwiftUI_BannerView.debug.xcconfig"; path = "Target Support Files/Pods-SwiftUI_BannerView/Pods-SwiftUI_BannerView.debug.xcconfig"; sourceTree = "<group>"; };
		8669AEEE9810CC897E68ADE9 /* Pods-SwiftUI_BannerView.release.xcconfig */ = {isa = PBXFileReference; includeInIndex = 1; lastKnownFileType = text.xcconfig; name = "Pods-SwiftUI_BannerView.release.xcconfig"; path = "Target Support Files/Pods-SwiftUI_BannerView/Pods-SwiftUI_BannerView.release.xcconfig"; sourceTree = "<group>"; };
		DE6A49D229D3CD2300CFE20D /* SwiftUI_BannerView.app */ = {isa = PBXFileReference; explicitFileType = wrapper.application; includeInIndex = 0; path = SwiftUI_BannerView.app; sourceTree = BUILT_PRODUCTS_DIR; };
		DE6A49D529D3CD2300CFE20D /* SwiftUI_BannerViewApp.swift */ = {isa = PBXFileReference; lastKnownFileType = sourcecode.swift; path = SwiftUI_BannerViewApp.swift; sourceTree = "<group>"; };
		DE6A49D729D3CD2300CFE20D /* ContentView.swift */ = {isa = PBXFileReference; lastKnownFileType = sourcecode.swift; path = ContentView.swift; sourceTree = "<group>"; };
		DE6A49D929D3CD2400CFE20D /* Assets.xcassets */ = {isa = PBXFileReference; lastKnownFileType = folder.assetcatalog; path = Assets.xcassets; sourceTree = "<group>"; };
		DE6A49DC29D3CD2400CFE20D /* Preview Assets.xcassets */ = {isa = PBXFileReference; lastKnownFileType = folder.assetcatalog; path = "Preview Assets.xcassets"; sourceTree = "<group>"; };
		DE6A49E429D3CD3200CFE20D /* BannerView.swift */ = {isa = PBXFileReference; lastKnownFileType = sourcecode.swift; path = BannerView.swift; sourceTree = "<group>"; };
		DE6A49E629D3CF0600CFE20D /* BannerImageData.swift */ = {isa = PBXFileReference; lastKnownFileType = sourcecode.swift; path = BannerImageData.swift; sourceTree = "<group>"; };
		DE6A49E829D3CF7600CFE20D /* ContentViewModel.swift */ = {isa = PBXFileReference; lastKnownFileType = sourcecode.swift; path = ContentViewModel.swift; sourceTree = "<group>"; };
		DE6A49EA29D3CFDB00CFE20D /* BannerCellView.swift */ = {isa = PBXFileReference; lastKnownFileType = sourcecode.swift; path = BannerCellView.swift; sourceTree = "<group>"; };
		DE6A49EC29D41C5F00CFE20D /* ImageLib.swift */ = {isa = PBXFileReference; lastKnownFileType = sourcecode.swift; path = ImageLib.swift; sourceTree = "<group>"; };
		DE6A49EF29D41C9500CFE20D /* IPManager.swift */ = {isa = PBXFileReference; lastKnownFileType = sourcecode.swift; path = IPManager.swift; sourceTree = "<group>"; };
		DE6A49F129D41FB600CFE20D /* SwiftUI-BannerView-Info.plist */ = {isa = PBXFileReference; lastKnownFileType = text.plist; path = "SwiftUI-BannerView-Info.plist"; sourceTree = SOURCE_ROOT; };
		DE6A49F429D42ADE00CFE20D /* CacheAsyncImage.swift */ = {isa = PBXFileReference; lastKnownFileType = sourcecode.swift; path = CacheAsyncImage.swift; sourceTree = "<group>"; };
/* End PBXFileReference section */

/* Begin PBXFrameworksBuildPhase section */
		DE6A49CF29D3CD2300CFE20D /* Frameworks */ = {
			isa = PBXFrameworksBuildPhase;
			buildActionMask = 2147483647;
			files = (
				F016C24CB7252C14796AB84A /* Pods_SwiftUI_BannerView.framework in Frameworks */,
			);
			runOnlyForDeploymentPostprocessing = 0;
		};
/* End PBXFrameworksBuildPhase section */

/* Begin PBXGroup section */
		C2029FDD893189750E1AD526 /* Pods */ = {
			isa = PBXGroup;
			children = (
				71920BED663E7D3911BE0CB2 /* Pods-SwiftUI_BannerView.debug.xcconfig */,
				8669AEEE9810CC897E68ADE9 /* Pods-SwiftUI_BannerView.release.xcconfig */,
			);
			path = Pods;
			sourceTree = "<group>";
		};
		C4B4619230DC42F3C09FA667 /* Frameworks */ = {
			isa = PBXGroup;
			children = (
				6431B3D0060AB7E6267F720D /* Pods_SwiftUI_BannerView.framework */,
			);
			name = Frameworks;
			sourceTree = "<group>";
		};
		DE6A49C929D3CD2300CFE20D = {
			isa = PBXGroup;
			children = (
				DE6A49D429D3CD2300CFE20D /* SwiftUI_BannerView */,
				DE6A49D329D3CD2300CFE20D /* Products */,
				C2029FDD893189750E1AD526 /* Pods */,
				C4B4619230DC42F3C09FA667 /* Frameworks */,
			);
			sourceTree = "<group>";
		};
		DE6A49D329D3CD2300CFE20D /* Products */ = {
			isa = PBXGroup;
			children = (
				DE6A49D229D3CD2300CFE20D /* SwiftUI_BannerView.app */,
			);
			name = Products;
			sourceTree = "<group>";
		};
		DE6A49D429D3CD2300CFE20D /* SwiftUI_BannerView */ = {
			isa = PBXGroup;
			children = (
				DE6A49F129D41FB600CFE20D /* SwiftUI-BannerView-Info.plist */,
				DE6A49D529D3CD2300CFE20D /* SwiftUI_BannerViewApp.swift */,
				DE6A49D729D3CD2300CFE20D /* ContentView.swift */,
				DE6A49E829D3CF7600CFE20D /* ContentViewModel.swift */,
				DE6A49E329D3CD2900CFE20D /* Banner */,
				DE6A49D929D3CD2400CFE20D /* Assets.xcassets */,
				DE6A49DB29D3CD2400CFE20D /* Preview Content */,
			);
			path = SwiftUI_BannerView;
			sourceTree = "<group>";
		};
		DE6A49DB29D3CD2400CFE20D /* Preview Content */ = {
			isa = PBXGroup;
			children = (
				DE6A49DC29D3CD2400CFE20D /* Preview Assets.xcassets */,
			);
			path = "Preview Content";
			sourceTree = "<group>";
		};
		DE6A49E329D3CD2900CFE20D /* Banner */ = {
			isa = PBXGroup;
			children = (
				DE6A49EE29D41C8600CFE20D /* Util */,
				DE6A49E629D3CF0600CFE20D /* BannerImageData.swift */,
				DE6A49E429D3CD3200CFE20D /* BannerView.swift */,
				DE6A49EA29D3CFDB00CFE20D /* BannerCellView.swift */,
			);
			path = Banner;
			sourceTree = "<group>";
		};
		DE6A49EE29D41C8600CFE20D /* Util */ = {
			isa = PBXGroup;
			children = (
				DE6A49EC29D41C5F00CFE20D /* ImageLib.swift */,
				DE6A49EF29D41C9500CFE20D /* IPManager.swift */,
				DE6A49F429D42ADE00CFE20D /* CacheAsyncImage.swift */,
			);
			path = Util;
			sourceTree = "<group>";
		};
/* End PBXGroup section */

/* Begin PBXNativeTarget section */
		DE6A49D129D3CD2300CFE20D /* SwiftUI_BannerView */ = {
			isa = PBXNativeTarget;
			buildConfigurationList = DE6A49E029D3CD2400CFE20D /* Build configuration list for PBXNativeTarget "SwiftUI_BannerView" */;
			buildPhases = (
				E4AE0BC876EECE9219ECDA49 /* [CP] Check Pods Manifest.lock */,
				DE6A49CE29D3CD2300CFE20D /* Sources */,
				DE6A49CF29D3CD2300CFE20D /* Frameworks */,
				DE6A49D029D3CD2300CFE20D /* Resources */,
				FB82D42EBBBC5BA164178001 /* [CP] Embed Pods Frameworks */,
			);
			buildRules = (
			);
			dependencies = (
			);
			name = SwiftUI_BannerView;
			productName = SwiftUI_BannerView;
			productReference = DE6A49D229D3CD2300CFE20D /* SwiftUI_BannerView.app */;
			productType = "com.apple.product-type.application";
		};
/* End PBXNativeTarget section */

/* Begin PBXProject section */
		DE6A49CA29D3CD2300CFE20D /* Project object */ = {
			isa = PBXProject;
			attributes = {
				BuildIndependentTargetsInParallel = 1;
				LastSwiftUpdateCheck = 1400;
				LastUpgradeCheck = 1400;
				TargetAttributes = {
					DE6A49D129D3CD2300CFE20D = {
						CreatedOnToolsVersion = 14.0;
					};
				};
			};
			buildConfigurationList = DE6A49CD29D3CD2300CFE20D /* Build configuration list for PBXProject "SwiftUI_BannerView" */;
			compatibilityVersion = "Xcode 12.0";
			developmentRegion = en;
			hasScannedForEncodings = 0;
			knownRegions = (
				en,
				Base,
			);
			mainGroup = DE6A49C929D3CD2300CFE20D;
			productRefGroup = DE6A49D329D3CD2300CFE20D /* Products */;
			projectDirPath = "";
			projectRoot = "";
			targets = (
				DE6A49D129D3CD2300CFE20D /* SwiftUI_BannerView */,
			);
		};
/* End PBXProject section */

/* Begin PBXResourcesBuildPhase section */
		DE6A49D029D3CD2300CFE20D /* Resources */ = {
			isa = PBXResourcesBuildPhase;
			buildActionMask = 2147483647;
			files = (
				DE6A49DD29D3CD2400CFE20D /* Preview Assets.xcassets in Resources */,
				DE6A49DA29D3CD2400CFE20D /* Assets.xcassets in Resources */,
			);
			runOnlyForDeploymentPostprocessing = 0;
		};
/* End PBXResourcesBuildPhase section */

/* Begin PBXShellScriptBuildPhase section */
		E4AE0BC876EECE9219ECDA49 /* [CP] Check Pods Manifest.lock */ = {
			isa = PBXShellScriptBuildPhase;
			buildActionMask = 2147483647;
			files = (
			);
			inputFileListPaths = (
			);
			inputPaths = (
				"${PODS_PODFILE_DIR_PATH}/Podfile.lock",
				"${PODS_ROOT}/Manifest.lock",
			);
			name = "[CP] Check Pods Manifest.lock";
			outputFileListPaths = (
			);
			outputPaths = (
				"$(DERIVED_FILE_DIR)/Pods-SwiftUI_BannerView-checkManifestLockResult.txt",
			);
			runOnlyForDeploymentPostprocessing = 0;
			shellPath = /bin/sh;
			shellScript = "diff \"${PODS_PODFILE_DIR_PATH}/Podfile.lock\" \"${PODS_ROOT}/Manifest.lock\" > /dev/null\nif [ $? != 0 ] ; then\n    # print error to STDERR\n    echo \"error: The sandbox is not in sync with the Podfile.lock. Run 'pod install' or update your CocoaPods installation.\" >&2\n    exit 1\nfi\n# This output is used by Xcode 'outputs' to avoid re-running this script phase.\necho \"SUCCESS\" > \"${SCRIPT_OUTPUT_FILE_0}\"\n";
			showEnvVarsInLog = 0;
		};
		FB82D42EBBBC5BA164178001 /* [CP] Embed Pods Frameworks */ = {
			isa = PBXShellScriptBuildPhase;
			buildActionMask = 2147483647;
			files = (
			);
			inputFileListPaths = (
				"${PODS_ROOT}/Target Support Files/Pods-SwiftUI_BannerView/Pods-SwiftUI_BannerView-frameworks-${CONFIGURATION}-input-files.xcfilelist",
			);
			name = "[CP] Embed Pods Frameworks";
			outputFileListPaths = (
				"${PODS_ROOT}/Target Support Files/Pods-SwiftUI_BannerView/Pods-SwiftUI_BannerView-frameworks-${CONFIGURATION}-output-files.xcfilelist",
			);
			runOnlyForDeploymentPostprocessing = 0;
			shellPath = /bin/sh;
			shellScript = "\"${PODS_ROOT}/Target Support Files/Pods-SwiftUI_BannerView/Pods-SwiftUI_BannerView-frameworks.sh\"\n";
			showEnvVarsInLog = 0;
		};
/* End PBXShellScriptBuildPhase section */

/* Begin PBXSourcesBuildPhase section */
		DE6A49CE29D3CD2300CFE20D /* Sources */ = {
			isa = PBXSourcesBuildPhase;
			buildActionMask = 2147483647;
			files = (
				DE6A49D829D3CD2300CFE20D /* ContentView.swift in Sources */,
				DE6A49D629D3CD2300CFE20D /* SwiftUI_BannerViewApp.swift in Sources */,
				DE6A49E529D3CD3200CFE20D /* BannerView.swift in Sources */,
				DE6A49E729D3CF0600CFE20D /* BannerImageData.swift in Sources */,
				DE6A49E929D3CF7600CFE20D /* ContentViewModel.swift in Sources */,
				DE6A49EB29D3CFDB00CFE20D /* BannerCellView.swift in Sources */,
				DE6A49F029D41C9500CFE20D /* IPManager.swift in Sources */,
				DE6A49ED29D41C5F00CFE20D /* ImageLib.swift in Sources */,
				DE6A49F529D42ADE00CFE20D /* CacheAsyncImage.swift in Sources */,
			);
			runOnlyForDeploymentPostprocessing = 0;
		};
/* End PBXSourcesBuildPhase section */

/* Begin XCBuildConfiguration section */
		DE6A49DE29D3CD2400CFE20D /* Debug */ = {
			isa = XCBuildConfiguration;
			buildSettings = {
				ALWAYS_SEARCH_USER_PATHS = NO;
				CLANG_ANALYZER_NONNULL = YES;
				CLANG_ANALYZER_NUMBER_OBJECT_CONVERSION = YES_AGGRESSIVE;
				CLANG_CXX_LANGUAGE_STANDARD = "gnu++20";
				CLANG_ENABLE_MODULES = YES;
				CLANG_ENABLE_OBJC_ARC = YES;
				CLANG_ENABLE_OBJC_WEAK = YES;
				CLANG_WARN_BLOCK_CAPTURE_AUTORELEASING = YES;
				CLANG_WARN_BOOL_CONVERSION = YES;
				CLANG_WARN_COMMA = YES;
				CLANG_WARN_CONSTANT_CONVERSION = YES;
				CLANG_WARN_DEPRECATED_OBJC_IMPLEMENTATIONS = YES;
				CLANG_WARN_DIRECT_OBJC_ISA_USAGE = YES_ERROR;
				CLANG_WARN_DOCUMENTATION_COMMENTS = YES;
				CLANG_WARN_EMPTY_BODY = YES;
				CLANG_WARN_ENUM_CONVERSION = YES;
				CLANG_WARN_INFINITE_RECURSION = YES;
				CLANG_WARN_INT_CONVERSION = YES;
				CLANG_WARN_NON_LITERAL_NULL_CONVERSION = YES;
				CLANG_WARN_OBJC_IMPLICIT_RETAIN_SELF = YES;
				CLANG_WARN_OBJC_LITERAL_CONVERSION = YES;
				CLANG_WARN_OBJC_ROOT_CLASS = YES_ERROR;
				CLANG_WARN_QUOTED_INCLUDE_IN_FRAMEWORK_HEADER = YES;
				CLANG_WARN_RANGE_LOOP_ANALYSIS = YES;
				CLANG_WARN_STRICT_PROTOTYPES = YES;
				CLANG_WARN_SUSPICIOUS_MOVE = YES;
				CLANG_WARN_UNGUARDED_AVAILABILITY = YES_AGGRESSIVE;
				CLANG_WARN_UNREACHABLE_CODE = YES;
				CLANG_WARN__DUPLICATE_METHOD_MATCH = YES;
				COPY_PHASE_STRIP = NO;
				DEBUG_INFORMATION_FORMAT = dwarf;
				ENABLE_STRICT_OBJC_MSGSEND = YES;
				ENABLE_TESTABILITY = YES;
				GCC_C_LANGUAGE_STANDARD = gnu11;
				GCC_DYNAMIC_NO_PIC = NO;
				GCC_NO_COMMON_BLOCKS = YES;
				GCC_OPTIMIZATION_LEVEL = 0;
				GCC_PREPROCESSOR_DEFINITIONS = (
					"DEBUG=1",
					"$(inherited)",
				);
				GCC_WARN_64_TO_32_BIT_CONVERSION = YES;
				GCC_WARN_ABOUT_RETURN_TYPE = YES_ERROR;
				GCC_WARN_UNDECLARED_SELECTOR = YES;
				GCC_WARN_UNINITIALIZED_AUTOS = YES_AGGRESSIVE;
				GCC_WARN_UNUSED_FUNCTION = YES;
				GCC_WARN_UNUSED_VARIABLE = YES;
				IPHONEOS_DEPLOYMENT_TARGET = 16.0;
				MTL_ENABLE_DEBUG_INFO = INCLUDE_SOURCE;
				MTL_FAST_MATH = YES;
				ONLY_ACTIVE_ARCH = YES;
				SDKROOT = iphoneos;
				SWIFT_ACTIVE_COMPILATION_CONDITIONS = DEBUG;
				SWIFT_OPTIMIZATION_LEVEL = "-Onone";
			};
			name = Debug;
		};
		DE6A49DF29D3CD2400CFE20D /* Release */ = {
			isa = XCBuildConfiguration;
			buildSettings = {
				ALWAYS_SEARCH_USER_PATHS = NO;
				CLANG_ANALYZER_NONNULL = YES;
				CLANG_ANALYZER_NUMBER_OBJECT_CONVERSION = YES_AGGRESSIVE;
				CLANG_CXX_LANGUAGE_STANDARD = "gnu++20";
				CLANG_ENABLE_MODULES = YES;
				CLANG_ENABLE_OBJC_ARC = YES;
				CLANG_ENABLE_OBJC_WEAK = YES;
				CLANG_WARN_BLOCK_CAPTURE_AUTORELEASING = YES;
				CLANG_WARN_BOOL_CONVERSION = YES;
				CLANG_WARN_COMMA = YES;
				CLANG_WARN_CONSTANT_CONVERSION = YES;
				CLANG_WARN_DEPRECATED_OBJC_IMPLEMENTATIONS = YES;
				CLANG_WARN_DIRECT_OBJC_ISA_USAGE = YES_ERROR;
				CLANG_WARN_DOCUMENTATION_COMMENTS = YES;
				CLANG_WARN_EMPTY_BODY = YES;
				CLANG_WARN_ENUM_CONVERSION = YES;
				CLANG_WARN_INFINITE_RECURSION = YES;
				CLANG_WARN_INT_CONVERSION = YES;
				CLANG_WARN_NON_LITERAL_NULL_CONVERSION = YES;
				CLANG_WARN_OBJC_IMPLICIT_RETAIN_SELF = YES;
				CLANG_WARN_OBJC_LITERAL_CONVERSION = YES;
				CLANG_WARN_OBJC_ROOT_CLASS = YES_ERROR;
				CLANG_WARN_QUOTED_INCLUDE_IN_FRAMEWORK_HEADER = YES;
				CLANG_WARN_RANGE_LOOP_ANALYSIS = YES;
				CLANG_WARN_STRICT_PROTOTYPES = YES;
				CLANG_WARN_SUSPICIOUS_MOVE = YES;
				CLANG_WARN_UNGUARDED_AVAILABILITY = YES_AGGRESSIVE;
				CLANG_WARN_UNREACHABLE_CODE = YES;
				CLANG_WARN__DUPLICATE_METHOD_MATCH = YES;
				COPY_PHASE_STRIP = NO;
				DEBUG_INFORMATION_FORMAT = "dwarf-with-dsym";
				ENABLE_NS_ASSERTIONS = NO;
				ENABLE_STRICT_OBJC_MSGSEND = YES;
				GCC_C_LANGUAGE_STANDARD = gnu11;
				GCC_NO_COMMON_BLOCKS = YES;
				GCC_WARN_64_TO_32_BIT_CONVERSION = YES;
				GCC_WARN_ABOUT_RETURN_TYPE = YES_ERROR;
				GCC_WARN_UNDECLARED_SELECTOR = YES;
				GCC_WARN_UNINITIALIZED_AUTOS = YES_AGGRESSIVE;
				GCC_WARN_UNUSED_FUNCTION = YES;
				GCC_WARN_UNUSED_VARIABLE = YES;
				IPHONEOS_DEPLOYMENT_TARGET = 16.0;
				MTL_ENABLE_DEBUG_INFO = NO;
				MTL_FAST_MATH = YES;
				SDKROOT = iphoneos;
				SWIFT_COMPILATION_MODE = wholemodule;
				SWIFT_OPTIMIZATION_LEVEL = "-O";
				VALIDATE_PRODUCT = YES;
			};
			name = Release;
		};
		DE6A49E129D3CD2400CFE20D /* Debug */ = {
			isa = XCBuildConfiguration;
			baseConfigurationReference = 71920BED663E7D3911BE0CB2 /* Pods-SwiftUI_BannerView.debug.xcconfig */;
			buildSettings = {
				ASSETCATALOG_COMPILER_APPICON_NAME = AppIcon;
				ASSETCATALOG_COMPILER_GLOBAL_ACCENT_COLOR_NAME = AccentColor;
				CODE_SIGN_STYLE = Automatic;
				CURRENT_PROJECT_VERSION = 1;
				DEVELOPMENT_ASSET_PATHS = "\"SwiftUI_BannerView/Preview Content\"";
				DEVELOPMENT_TEAM = ENTLMP7F2G;
				ENABLE_PREVIEWS = YES;
				GENERATE_INFOPLIST_FILE = YES;
				INFOPLIST_FILE = "SwiftUI-BannerView-Info.plist";
				INFOPLIST_KEY_UIApplicationSceneManifest_Generation = YES;
				INFOPLIST_KEY_UIApplicationSupportsIndirectInputEvents = YES;
				INFOPLIST_KEY_UILaunchScreen_Generation = YES;
				INFOPLIST_KEY_UISupportedInterfaceOrientations_iPad = "UIInterfaceOrientationPortrait UIInterfaceOrientationPortraitUpsideDown UIInterfaceOrientationLandscapeLeft UIInterfaceOrientationLandscapeRight";
				INFOPLIST_KEY_UISupportedInterfaceOrientations_iPhone = "UIInterfaceOrientationPortrait UIInterfaceOrientationLandscapeLeft UIInterfaceOrientationLandscapeRight";
				LD_RUNPATH_SEARCH_PATHS = (
					"$(inherited)",
					"@executable_path/Frameworks",
				);
				MARKETING_VERSION = 1.0;
				PRODUCT_BUNDLE_IDENTIFIER = "com.udid.SwiftUI-BannerView";
				PRODUCT_NAME = "$(TARGET_NAME)";
				SWIFT_EMIT_LOC_STRINGS = YES;
				SWIFT_VERSION = 5.0;
				TARGETED_DEVICE_FAMILY = "1,2";
			};
			name = Debug;
		};
		DE6A49E229D3CD2400CFE20D /* Release */ = {
			isa = XCBuildConfiguration;
			baseConfigurationReference = 8669AEEE9810CC897E68ADE9 /* Pods-SwiftUI_BannerView.release.xcconfig */;
			buildSettings = {
				ASSETCATALOG_COMPILER_APPICON_NAME = AppIcon;
				ASSETCATALOG_COMPILER_GLOBAL_ACCENT_COLOR_NAME = AccentColor;
				CODE_SIGN_STYLE = Automatic;
				CURRENT_PROJECT_VERSION = 1;
				DEVELOPMENT_ASSET_PATHS = "\"SwiftUI_BannerView/Preview Content\"";
				DEVELOPMENT_TEAM = ENTLMP7F2G;
				ENABLE_PREVIEWS = YES;
				GENERATE_INFOPLIST_FILE = YES;
				INFOPLIST_FILE = "SwiftUI-BannerView-Info.plist";
				INFOPLIST_KEY_UIApplicationSceneManifest_Generation = YES;
				INFOPLIST_KEY_UIApplicationSupportsIndirectInputEvents = YES;
				INFOPLIST_KEY_UILaunchScreen_Generation = YES;
				INFOPLIST_KEY_UISupportedInterfaceOrientations_iPad = "UIInterfaceOrientationPortrait UIInterfaceOrientationPortraitUpsideDown UIInterfaceOrientationLandscapeLeft UIInterfaceOrientationLandscapeRight";
				INFOPLIST_KEY_UISupportedInterfaceOrientations_iPhone = "UIInterfaceOrientationPortrait UIInterfaceOrientationLandscapeLeft UIInterfaceOrientationLandscapeRight";
				LD_RUNPATH_SEARCH_PATHS = (
					"$(inherited)",
					"@executable_path/Frameworks",
				);
				MARKETING_VERSION = 1.0;
				PRODUCT_BUNDLE_IDENTIFIER = "com.udid.SwiftUI-BannerView";
				PRODUCT_NAME = "$(TARGET_NAME)";
				SWIFT_EMIT_LOC_STRINGS = YES;
				SWIFT_VERSION = 5.0;
				TARGETED_DEVICE_FAMILY = "1,2";
			};
			name = Release;
		};
/* End XCBuildConfiguration section */

/* Begin XCConfigurationList section */
		DE6A49CD29D3CD2300CFE20D /* Build configuration list for PBXProject "SwiftUI_BannerView" */ = {
			isa = XCConfigurationList;
			buildConfigurations = (
				DE6A49DE29D3CD2400CFE20D /* Debug */,
				DE6A49DF29D3CD2400CFE20D /* Release */,
			);
			defaultConfigurationIsVisible = 0;
			defaultConfigurationName = Release;
		};
		DE6A49E029D3CD2400CFE20D /* Build configuration list for PBXNativeTarget "SwiftUI_BannerView" */ = {
			isa = XCConfigurationList;
			buildConfigurations = (
				DE6A49E129D3CD2400CFE20D /* Debug */,
				DE6A49E229D3CD2400CFE20D /* Release */,
			);
			defaultConfigurationIsVisible = 0;
			defaultConfigurationName = Release;
		};
/* End XCConfigurationList section */
	};
	rootObject = DE6A49CA29D3CD2300CFE20D /* Project object */;
}
